
Microsoft Visual Studio Solution File, Format Version 12.00
# Visual Studio Version 17
VisualStudioVersion = 17.14.36623.8 d17.14
MinimumVisualStudioVersion = 10.0.40219.1
Project("{FAE04EC0-301F-11D3-BF4B-00C04F79EFBC}") = "Repository Pattern", "Repository Pattern\Repository Pattern.csproj", "{3329E299-771F-4E5E-8D3E-30767EEF21AD}"
EndProject
Global
	GlobalSection(SolutionConfigurationPlatforms) = preSolution
		Debug|Any CPU = Debug|Any CPU
		Release|Any CPU = Release|Any CPU
	EndGlobalSection
	GlobalSection(ProjectConfigurationPlatforms) = postSolution
		{3329E299-771F-4E5E-8D3E-30767EEF21AD}.Debug|Any CPU.ActiveCfg = Debug|Any CPU
		{3329E299-771F-4E5E-8D3E-30767EEF21AD}.Debug|Any CPU.Build.0 = Debug|Any CPU
		{3329E299-771F-4E5E-8D3E-30767EEF21AD}.Release|Any CPU.ActiveCfg = Release|Any CPU
		{3329E299-771F-4E5E-8D3E-30767EEF21AD}.Release|Any CPU.Build.0 = Release|Any CPU
	EndGlobalSection
	GlobalSection(SolutionProperties) = preSolution
		HideSolutionNode = FALSE
	EndGlobalSection
	GlobalSection(ExtensibilityGlobals) = postSolution
		SolutionGuid = {90952329-9467-4A96-85E8-B7D5EDEC8A6F}
	EndGlobalSection
EndGlobal
